{
  "version": 4,
  "terraform_version": "1.4.6",
  "serial": 9,
  "lineage": "adcfda57-1fce-9474-5aa3-e1e671300f7e",
  "outputs": {},
  "resources": [
    {
      "mode": "managed",
      "type": "yandex_vpc_network",
      "name": "devops-network",
      "provider": "provider[\"registry.terraform.io/yandex-cloud/yandex\"]",
      "instances": [
        {
          "schema_version": 0,
          "attributes": {
            "created_at": "2023-09-25T20:34:38Z",
            "default_security_group_id": "enph55f6h2u0hi5t3n0r",
            "description": "",
            "folder_id": "b1ghg9pqn4eit8epv3e0",
            "id": "enp688f5ea7mvukd5anh",
            "labels": {},
            "name": "devops-network",
            "subnet_ids": [
              "e9bfs09i4ioau6r2jr9r"
            ],
            "timeouts": null
          },
          "sensitive_attributes": [],
          "private": "eyJlMmJmYjczMC1lY2FhLTExZTYtOGY4OC0zNDM2M2JjN2M0YzAiOnsiY3JlYXRlIjo2MDAwMDAwMDAwMCwiZGVsZXRlIjo2MDAwMDAwMDAwMCwidXBkYXRlIjo2MDAwMDAwMDAwMH19"
        }
      ]
    },
    {
      "mode": "managed",
      "type": "yandex_vpc_subnet",
      "name": "devops-subnet",
      "provider": "provider[\"registry.terraform.io/yandex-cloud/yandex\"]",
      "instances": [
        {
          "schema_version": 0,
          "attributes": {
            "created_at": "2023-09-25T20:35:33Z",
            "description": "",
            "dhcp_options": [],
            "folder_id": "b1ghg9pqn4eit8epv3e0",
            "id": "e9bfs09i4ioau6r2jr9r",
            "labels": {},
            "name": "devops-subnet",
            "network_id": "enp688f5ea7mvukd5anh",
            "route_table_id": "",
            "timeouts": null,
            "v4_cidr_blocks": [
              "192.168.10.0/24"
            ],
            "v6_cidr_blocks": [],
            "zone": "ru-central1-a"
          },
          "sensitive_attributes": [],
          "private": "eyJlMmJmYjczMC1lY2FhLTExZTYtOGY4OC0zNDM2M2JjN2M0YzAiOnsiY3JlYXRlIjoxODAwMDAwMDAwMDAsImRlbGV0ZSI6MTgwMDAwMDAwMDAwLCJ1cGRhdGUiOjE4MDAwMDAwMDAwMH19",
          "dependencies": [
            "yandex_vpc_network.devops-network"
          ]
        }
      ]
    }
  ],
  "check_results": null
}
