{
  "version": 4,
  "terraform_version": "1.5.7",
  "serial": 4,
  "lineage": "32b88a76-bea4-e4e4-7fcc-c7af661fc722",
  "outputs": {},
  "resources": [
    {
      "mode": "managed",
      "type": "docker_image",
      "name": "nginx",
      "provider": "provider[\"registry.terraform.io/kreuzwerker/docker\"]",
      "instances": [
        {
          "schema_version": 0,
          "attributes": {
            "build": [],
            "force_remove": null,
            "id": "sha256:2a4fbb36e96607b16e5af2e24dc6a1025a4795520c98c6b9ead9c4113617cb73nginx:latest",
            "image_id": "sha256:2a4fbb36e96607b16e5af2e24dc6a1025a4795520c98c6b9ead9c4113617cb73",
            "keep_locally": false,
            "name": "nginx:latest",
            "platform": null,
            "pull_triggers": null,
            "repo_digest": "nginx@sha256:32da30332506740a2f7c34d5dc70467b7f14ec67d912703568daff790ab3f755",
            "triggers": null
          },
          "sensitive_attributes": [],
          "private": "bnVsbA=="
        }
      ]
    }
  ],
  "check_results": null
}
