{
  "version": 4,
  "terraform_version": "1.5.7",
  "serial": 61,
  "lineage": "18e11a06-9008-fc54-62d5-a2c9cea5e513",
  "outputs": {},
  "resources": [
    {
      "module": "module.github",
      "mode": "managed",
      "type": "github_branch_default",
      "name": "main",
      "provider": "module.github.provider[\"registry.terraform.io/integrations/github\"]",
      "instances": [
        {
          "schema_version": 0,
          "attributes": {
            "branch": "main",
            "id": "devops_test",
            "rename": false,
            "repository": "devops_test"
          },
          "sensitive_attributes": [],
          "private": "bnVsbA==",
          "dependencies": [
            "module.github.github_repository.repo"
          ]
        }
      ]
    },
    {
      "module": "module.github",
      "mode": "managed",
      "type": "github_branch_protection",
      "name": "default",
      "provider": "module.github.provider[\"registry.terraform.io/integrations/github\"]",
      "instances": [
        {
          "schema_version": 1,
          "attributes": {
            "allows_deletions": false,
            "allows_force_pushes": false,
            "blocks_creations": false,
            "enforce_admins": true,
            "force_push_bypassers": [],
            "id": "BPR_kwDOKY2XH84CgaDN",
            "lock_branch": false,
            "pattern": "main",
            "push_restrictions": [],
            "repository_id": "devops_test",
            "require_conversation_resolution": true,
            "require_signed_commits": false,
            "required_linear_history": false,
            "required_pull_request_reviews": [
              {
                "dismiss_stale_reviews": false,
                "dismissal_restrictions": [],
                "pull_request_bypassers": [],
                "require_code_owner_reviews": false,
                "require_last_push_approval": false,
                "required_approving_review_count": 1,
                "restrict_dismissals": false
              }
            ],
            "required_status_checks": []
          },
          "sensitive_attributes": [],
          "private": "eyJzY2hlbWFfdmVyc2lvbiI6IjEifQ==",
          "dependencies": [
            "module.github.github_branch_default.main",
            "module.github.github_repository.repo"
          ]
        }
      ]
    },
    {
      "module": "module.github",
      "mode": "managed",
      "type": "github_repository",
      "name": "repo",
      "provider": "module.github.provider[\"registry.terraform.io/integrations/github\"]",
      "instances": [
        {
          "schema_version": 1,
          "attributes": {
            "allow_auto_merge": false,
            "allow_merge_commit": true,
            "allow_rebase_merge": true,
            "allow_squash_merge": true,
            "allow_update_branch": false,
            "archive_on_destroy": null,
            "archived": false,
            "auto_init": true,
            "default_branch": "main",
            "delete_branch_on_merge": false,
            "description": "i have been created to die",
            "etag": "W/\"c5046fca33ca17a887fa9c942d7692d69d042c4e51dd84a9944f10e44063b06f\"",
            "full_name": "xdkomel/devops_test",
            "git_clone_url": "git://github.com/xdkomel/devops_test.git",
            "gitignore_template": "VisualStudio",
            "has_discussions": false,
            "has_downloads": false,
            "has_issues": true,
            "has_projects": false,
            "has_wiki": true,
            "homepage_url": "",
            "html_url": "https://github.com/xdkomel/devops_test",
            "http_clone_url": "https://github.com/xdkomel/devops_test.git",
            "id": "devops_test",
            "ignore_vulnerability_alerts_during_read": null,
            "is_template": false,
            "license_template": "mit",
            "merge_commit_message": "PR_TITLE",
            "merge_commit_title": "MERGE_MESSAGE",
            "name": "devops_test",
            "node_id": "R_kgDOKY2XHw",
            "pages": [],
            "primary_language": "",
            "private": false,
            "repo_id": 697145119,
            "security_and_analysis": [
              {
                "advanced_security": [],
                "secret_scanning": [
                  {
                    "status": "disabled"
                  }
                ],
                "secret_scanning_push_protection": [
                  {
                    "status": "disabled"
                  }
                ]
              }
            ],
            "squash_merge_commit_message": "COMMIT_MESSAGES",
            "squash_merge_commit_title": "COMMIT_OR_PR_TITLE",
            "ssh_clone_url": "git@github.com:xdkomel/devops_test.git",
            "svn_url": "https://github.com/xdkomel/devops_test",
            "template": [],
            "topics": [],
            "visibility": "public",
            "vulnerability_alerts": false
          },
          "sensitive_attributes": [],
          "private": "eyJzY2hlbWFfdmVyc2lvbiI6IjEifQ=="
        }
      ]
    }
  ],
  "check_results": null
}
