{
  "version": 4,
  "terraform_version": "1.5.7",
  "serial": 52,
  "lineage": "18e11a06-9008-fc54-62d5-a2c9cea5e513",
  "outputs": {
    "container_id": {
      "value": "03d5eec0875a4ec7a03880d9769dce2d28d69afa2050c03e3c3e073360b2ffea",
      "type": "string"
    },
    "external_ip_address_vm_1": {
      "value": "158.160.122.72",
      "type": "string"
    },
    "external_ip_address_vm_2": {
      "value": "158.160.104.51",
      "type": "string"
    },
    "image_id": {
      "value": "sha256:e6cbdbf0a6c78dbc6ead6272f0740055b521afcc04dec3cf761e673ebea9e3c6xdkomel/myimage:0.0.1",
      "type": "string"
    },
    "internal_ip_address_vm_1": {
      "value": "192.168.10.24",
      "type": "string"
    },
    "internal_ip_address_vm_2": {
      "value": "192.168.10.8",
      "type": "string"
    }
  },
  "resources": [
    {
      "mode": "managed",
      "type": "docker_container",
      "name": "app_python",
      "provider": "provider[\"registry.terraform.io/kreuzwerker/docker\"]",
      "instances": [
        {
          "schema_version": 2,
          "attributes": {
            "attach": false,
            "bridge": "",
            "capabilities": [],
            "cgroupns_mode": null,
            "command": [
              "python",
              "-m",
              "uvicorn",
              "main:app",
              "--host",
              "0.0.0.0",
              "--port",
              "80"
            ],
            "container_logs": null,
            "container_read_refresh_timeout_milliseconds": 15000,
            "cpu_set": "",
            "cpu_shares": 0,
            "destroy_grace_seconds": null,
            "devices": [],
            "dns": [],
            "dns_opts": [],
            "dns_search": [],
            "domainname": "",
            "entrypoint": [],
            "env": [],
            "exit_code": null,
            "gpus": null,
            "group_add": [],
            "healthcheck": [],
            "host": [],
            "hostname": "03d5eec0875a",
            "id": "03d5eec0875a4ec7a03880d9769dce2d28d69afa2050c03e3c3e073360b2ffea",
            "image": "sha256:e6cbdbf0a6c78dbc6ead6272f0740055b521afcc04dec3cf761e673ebea9e3c6",
            "init": false,
            "ipc_mode": "private",
            "labels": [],
            "log_driver": "json-file",
            "log_opts": {},
            "logs": false,
            "max_retry_count": 0,
            "memory": 0,
            "memory_swap": 0,
            "mounts": [],
            "must_run": true,
            "name": "app_python_container",
            "network_data": [
              {
                "gateway": "172.17.0.1",
                "global_ipv6_address": "",
                "global_ipv6_prefix_length": 0,
                "ip_address": "172.17.0.2",
                "ip_prefix_length": 16,
                "ipv6_gateway": "",
                "mac_address": "02:42:ac:11:00:02",
                "network_name": "bridge"
              }
            ],
            "network_mode": "default",
            "networks_advanced": [],
            "pid_mode": "",
            "ports": [
              {
                "external": 8081,
                "internal": 8080,
                "ip": "0.0.0.0",
                "protocol": "tcp"
              }
            ],
            "privileged": false,
            "publish_all_ports": false,
            "read_only": false,
            "remove_volumes": true,
            "restart": "no",
            "rm": true,
            "runtime": "runc",
            "security_opts": [],
            "shm_size": 64,
            "start": true,
            "stdin_open": false,
            "stop_signal": "",
            "stop_timeout": 0,
            "storage_opts": {},
            "sysctls": {},
            "tmpfs": {},
            "tty": false,
            "ulimit": [],
            "upload": [],
            "user": "user",
            "userns_mode": "",
            "volumes": [],
            "wait": false,
            "wait_timeout": 60,
            "working_dir": "/code"
          },
          "sensitive_attributes": [],
          "private": "eyJzY2hlbWFfdmVyc2lvbiI6IjIifQ==",
          "dependencies": [
            "docker_image.myimage"
          ]
        }
      ]
    },
    {
      "mode": "managed",
      "type": "docker_image",
      "name": "myimage",
      "provider": "provider[\"registry.terraform.io/kreuzwerker/docker\"]",
      "instances": [
        {
          "schema_version": 0,
          "attributes": {
            "build": [],
            "force_remove": null,
            "id": "sha256:e6cbdbf0a6c78dbc6ead6272f0740055b521afcc04dec3cf761e673ebea9e3c6xdkomel/myimage:0.0.1",
            "image_id": "sha256:e6cbdbf0a6c78dbc6ead6272f0740055b521afcc04dec3cf761e673ebea9e3c6",
            "keep_locally": false,
            "name": "xdkomel/myimage:0.0.1",
            "platform": null,
            "pull_triggers": null,
            "repo_digest": "xdkomel/myimage@sha256:42a32fd36d5603b184cf714672171733c048d27f9357c6605d4ba72f46523016",
            "triggers": null
          },
          "sensitive_attributes": [],
          "private": "bnVsbA=="
        }
      ]
    },
    {
      "mode": "managed",
      "type": "yandex_compute_instance",
      "name": "vm-1",
      "provider": "provider[\"registry.terraform.io/yandex-cloud/yandex\"]",
      "instances": [
        {
          "schema_version": 1,
          "attributes": {
            "allow_recreate": null,
            "allow_stopping_for_update": null,
            "boot_disk": [
              {
                "auto_delete": true,
                "device_name": "fhm5km0lp4d7dq2jqiea",
                "disk_id": "fhm5km0lp4d7dq2jqiea",
                "initialize_params": [
                  {
                    "block_size": 4096,
                    "description": "",
                    "image_id": "fd807ed79a4kkqfvd1mb",
                    "name": "",
                    "size": 30,
                    "snapshot_id": "",
                    "type": "network-hdd"
                  }
                ],
                "mode": "READ_WRITE"
              }
            ],
            "created_at": "2023-09-27T06:36:08Z",
            "description": "",
            "filesystem": [],
            "folder_id": "b1gbeittpv9mn1qhgbva",
            "fqdn": "fhm0qt4bo4esgb8l5m3s.auto.internal",
            "gpu_cluster_id": "",
            "hostname": "",
            "id": "fhm0qt4bo4esgb8l5m3s",
            "labels": {},
            "local_disk": [],
            "metadata": {
              "user-data": "users:\n  - name: admin\n    groups: sudo\n    shell: /bin/bash\n    sudo: 'ALL=(ALL) NOPASSWD:ALL'\n    ssh-authorized-keys:\n      - ssh-ed25519 AAAAC3NzaC1lZDI1NTE5AAAAIErqWNOg+7D1rMm/YE/PUV9n3EgAClNKPfxXJtPiI95Q kamil@Camilles-MacBook-Pro.local"
            },
            "metadata_options": [
              {
                "aws_v1_http_endpoint": 1,
                "aws_v1_http_token": 2,
                "gce_http_endpoint": 1,
                "gce_http_token": 1
              }
            ],
            "name": "terraform1",
            "network_acceleration_type": "standard",
            "network_interface": [
              {
                "dns_record": [],
                "index": 0,
                "ip_address": "192.168.10.24",
                "ipv4": true,
                "ipv6": false,
                "ipv6_address": "",
                "ipv6_dns_record": [],
                "mac_address": "d0:0d:d7:48:bc:11",
                "nat": true,
                "nat_dns_record": [],
                "nat_ip_address": "158.160.122.72",
                "nat_ip_version": "IPV4",
                "security_group_ids": [],
                "subnet_id": "e9b13lerav296r78on2h"
              }
            ],
            "placement_policy": [
              {
                "host_affinity_rules": [],
                "placement_group_id": ""
              }
            ],
            "platform_id": "standard-v1",
            "resources": [
              {
                "core_fraction": 100,
                "cores": 2,
                "gpus": 0,
                "memory": 2
              }
            ],
            "scheduling_policy": [
              {
                "preemptible": false
              }
            ],
            "secondary_disk": [],
            "service_account_id": "",
            "status": "running",
            "timeouts": null,
            "zone": "ru-central1-a"
          },
          "sensitive_attributes": [],
          "private": "eyJlMmJmYjczMC1lY2FhLTExZTYtOGY4OC0zNDM2M2JjN2M0YzAiOnsiY3JlYXRlIjozMDAwMDAwMDAwMDAsImRlbGV0ZSI6MzAwMDAwMDAwMDAwLCJ1cGRhdGUiOjMwMDAwMDAwMDAwMH0sInNjaGVtYV92ZXJzaW9uIjoiMSJ9",
          "dependencies": [
            "yandex_vpc_network.network-1",
            "yandex_vpc_subnet.subnet-1"
          ]
        }
      ]
    },
    {
      "mode": "managed",
      "type": "yandex_compute_instance",
      "name": "vm-2",
      "provider": "provider[\"registry.terraform.io/yandex-cloud/yandex\"]",
      "instances": [
        {
          "schema_version": 1,
          "attributes": {
            "allow_recreate": null,
            "allow_stopping_for_update": null,
            "boot_disk": [
              {
                "auto_delete": true,
                "device_name": "fhmmqffgofs6lrgkmtie",
                "disk_id": "fhmmqffgofs6lrgkmtie",
                "initialize_params": [
                  {
                    "block_size": 4096,
                    "description": "",
                    "image_id": "fd807ed79a4kkqfvd1mb",
                    "name": "",
                    "size": 30,
                    "snapshot_id": "",
                    "type": "network-hdd"
                  }
                ],
                "mode": "READ_WRITE"
              }
            ],
            "created_at": "2023-09-27T06:36:08Z",
            "description": "",
            "filesystem": [],
            "folder_id": "b1gbeittpv9mn1qhgbva",
            "fqdn": "fhmoa2rengks1btapm28.auto.internal",
            "gpu_cluster_id": "",
            "hostname": "",
            "id": "fhmoa2rengks1btapm28",
            "labels": {},
            "local_disk": [],
            "metadata": {
              "ssh-keys": "ubuntu:ssh-ed25519 AAAAC3NzaC1lZDI1NTE5AAAAIErqWNOg+7D1rMm/YE/PUV9n3EgAClNKPfxXJtPiI95Q kamil@Camilles-MacBook-Pro.local\n"
            },
            "metadata_options": [
              {
                "aws_v1_http_endpoint": 1,
                "aws_v1_http_token": 2,
                "gce_http_endpoint": 1,
                "gce_http_token": 1
              }
            ],
            "name": "terraform2",
            "network_acceleration_type": "standard",
            "network_interface": [
              {
                "dns_record": [],
                "index": 0,
                "ip_address": "192.168.10.8",
                "ipv4": true,
                "ipv6": false,
                "ipv6_address": "",
                "ipv6_dns_record": [],
                "mac_address": "d0:0d:18:50:b6:eb",
                "nat": true,
                "nat_dns_record": [],
                "nat_ip_address": "158.160.104.51",
                "nat_ip_version": "IPV4",
                "security_group_ids": [],
                "subnet_id": "e9b13lerav296r78on2h"
              }
            ],
            "placement_policy": [
              {
                "host_affinity_rules": [],
                "placement_group_id": ""
              }
            ],
            "platform_id": "standard-v1",
            "resources": [
              {
                "core_fraction": 100,
                "cores": 4,
                "gpus": 0,
                "memory": 4
              }
            ],
            "scheduling_policy": [
              {
                "preemptible": false
              }
            ],
            "secondary_disk": [],
            "service_account_id": "",
            "status": "running",
            "timeouts": null,
            "zone": "ru-central1-a"
          },
          "sensitive_attributes": [],
          "private": "eyJlMmJmYjczMC1lY2FhLTExZTYtOGY4OC0zNDM2M2JjN2M0YzAiOnsiY3JlYXRlIjozMDAwMDAwMDAwMDAsImRlbGV0ZSI6MzAwMDAwMDAwMDAwLCJ1cGRhdGUiOjMwMDAwMDAwMDAwMH0sInNjaGVtYV92ZXJzaW9uIjoiMSJ9",
          "dependencies": [
            "yandex_vpc_network.network-1",
            "yandex_vpc_subnet.subnet-1"
          ]
        }
      ]
    },
    {
      "mode": "managed",
      "type": "yandex_vpc_network",
      "name": "network-1",
      "provider": "provider[\"registry.terraform.io/yandex-cloud/yandex\"]",
      "instances": [
        {
          "schema_version": 0,
          "attributes": {
            "created_at": "2023-09-27T06:36:02Z",
            "default_security_group_id": "enp74ksl0i1qgadlsc5g",
            "description": "",
            "folder_id": "b1gbeittpv9mn1qhgbva",
            "id": "enpfjb8q2pd2eafv0s3p",
            "labels": {},
            "name": "network1",
            "subnet_ids": [
              "e9b13lerav296r78on2h"
            ],
            "timeouts": null
          },
          "sensitive_attributes": [],
          "private": "eyJlMmJmYjczMC1lY2FhLTExZTYtOGY4OC0zNDM2M2JjN2M0YzAiOnsiY3JlYXRlIjo2MDAwMDAwMDAwMCwiZGVsZXRlIjo2MDAwMDAwMDAwMCwidXBkYXRlIjo2MDAwMDAwMDAwMH19"
        }
      ]
    },
    {
      "mode": "managed",
      "type": "yandex_vpc_subnet",
      "name": "subnet-1",
      "provider": "provider[\"registry.terraform.io/yandex-cloud/yandex\"]",
      "instances": [
        {
          "schema_version": 0,
          "attributes": {
            "created_at": "2023-09-27T06:36:05Z",
            "description": "",
            "dhcp_options": [],
            "folder_id": "b1gbeittpv9mn1qhgbva",
            "id": "e9b13lerav296r78on2h",
            "labels": {},
            "name": "subnet1",
            "network_id": "enpfjb8q2pd2eafv0s3p",
            "route_table_id": "",
            "timeouts": null,
            "v4_cidr_blocks": [
              "192.168.10.0/24"
            ],
            "v6_cidr_blocks": [],
            "zone": "ru-central1-a"
          },
          "sensitive_attributes": [],
          "private": "eyJlMmJmYjczMC1lY2FhLTExZTYtOGY4OC0zNDM2M2JjN2M0YzAiOnsiY3JlYXRlIjoxODAwMDAwMDAwMDAsImRlbGV0ZSI6MTgwMDAwMDAwMDAwLCJ1cGRhdGUiOjE4MDAwMDAwMDAwMH19",
          "dependencies": [
            "yandex_vpc_network.network-1"
          ]
        }
      ]
    },
    {
      "module": "module.github",
      "mode": "managed",
      "type": "github_branch_default",
      "name": "main",
      "provider": "module.github.provider[\"registry.terraform.io/integrations/github\"]",
      "instances": [
        {
          "schema_version": 0,
          "attributes": {
            "branch": "main",
            "id": "devops_test",
            "rename": false,
            "repository": "devops_test"
          },
          "sensitive_attributes": [],
          "private": "bnVsbA==",
          "dependencies": [
            "module.github.github_repository.repo"
          ]
        }
      ]
    },
    {
      "module": "module.github",
      "mode": "managed",
      "type": "github_branch_protection",
      "name": "default",
      "provider": "module.github.provider[\"registry.terraform.io/integrations/github\"]",
      "instances": [
        {
          "schema_version": 1,
          "attributes": {
            "allows_deletions": false,
            "allows_force_pushes": false,
            "blocks_creations": false,
            "enforce_admins": true,
            "force_push_bypassers": null,
            "id": "BPR_kwDOKY2XH84CgaDN",
            "lock_branch": false,
            "pattern": "main",
            "push_restrictions": null,
            "repository_id": "devops_test",
            "require_conversation_resolution": true,
            "require_signed_commits": false,
            "required_linear_history": false,
            "required_pull_request_reviews": [
              {
                "dismiss_stale_reviews": false,
                "dismissal_restrictions": null,
                "pull_request_bypassers": null,
                "require_code_owner_reviews": false,
                "require_last_push_approval": false,
                "required_approving_review_count": 1,
                "restrict_dismissals": false
              }
            ],
            "required_status_checks": []
          },
          "sensitive_attributes": [],
          "private": "eyJzY2hlbWFfdmVyc2lvbiI6IjEifQ==",
          "dependencies": [
            "module.github.github_branch_default.main",
            "module.github.github_repository.repo"
          ]
        }
      ]
    },
    {
      "module": "module.github",
      "mode": "managed",
      "type": "github_repository",
      "name": "repo",
      "provider": "module.github.provider[\"registry.terraform.io/integrations/github\"]",
      "instances": [
        {
          "schema_version": 1,
          "attributes": {
            "allow_auto_merge": false,
            "allow_merge_commit": true,
            "allow_rebase_merge": true,
            "allow_squash_merge": true,
            "allow_update_branch": false,
            "archive_on_destroy": null,
            "archived": false,
            "auto_init": true,
            "default_branch": "main",
            "delete_branch_on_merge": false,
            "description": "i have been created to die",
            "etag": "W/\"97e4f2255528b1ef35c203abb934ff880da7700481f123e6e582e0b39d4292f6\"",
            "full_name": "xdkomel/devops_test",
            "git_clone_url": "git://github.com/xdkomel/devops_test.git",
            "gitignore_template": "VisualStudio",
            "has_discussions": false,
            "has_downloads": false,
            "has_issues": true,
            "has_projects": false,
            "has_wiki": true,
            "homepage_url": "",
            "html_url": "https://github.com/xdkomel/devops_test",
            "http_clone_url": "https://github.com/xdkomel/devops_test.git",
            "id": "devops_test",
            "ignore_vulnerability_alerts_during_read": null,
            "is_template": false,
            "license_template": "mit",
            "merge_commit_message": "PR_TITLE",
            "merge_commit_title": "MERGE_MESSAGE",
            "name": "devops_test",
            "node_id": "R_kgDOKY2XHw",
            "pages": [],
            "primary_language": "",
            "private": false,
            "repo_id": 697145119,
            "security_and_analysis": [
              {
                "advanced_security": [],
                "secret_scanning": [
                  {
                    "status": "disabled"
                  }
                ],
                "secret_scanning_push_protection": [
                  {
                    "status": "disabled"
                  }
                ]
              }
            ],
            "squash_merge_commit_message": "COMMIT_MESSAGES",
            "squash_merge_commit_title": "COMMIT_OR_PR_TITLE",
            "ssh_clone_url": "git@github.com:xdkomel/devops_test.git",
            "svn_url": "https://github.com/xdkomel/devops_test",
            "template": [],
            "topics": [],
            "visibility": "public",
            "vulnerability_alerts": false
          },
          "sensitive_attributes": [],
          "private": "eyJzY2hlbWFfdmVyc2lvbiI6IjEifQ=="
        }
      ]
    }
  ],
  "check_results": null
}
