{
  "version": 4,
  "terraform_version": "1.5.7",
  "serial": 24,
  "lineage": "34022dbf-a121-557b-6baf-c157ce7764dc",
  "outputs": {
    "external_ip_address_vm_1": {
      "value": "51.250.95.85",
      "type": "string"
    },
    "internal_ip_address_vm_1": {
      "value": "192.168.10.24",
      "type": "string"
    }
  },
  "resources": [
    {
      "mode": "managed",
      "type": "yandex_compute_instance",
      "name": "vm-1",
      "provider": "provider[\"registry.terraform.io/yandex-cloud/yandex\"]",
      "instances": [
        {
          "schema_version": 1,
          "attributes": {
            "allow_recreate": null,
            "allow_stopping_for_update": null,
            "boot_disk": [
              {
                "auto_delete": true,
                "device_name": "fhms5i0jbptr7aaim39t",
                "disk_id": "fhms5i0jbptr7aaim39t",
                "initialize_params": [
                  {
                    "block_size": 4096,
                    "description": "",
                    "image_id": "fd82nvvtllmimo92uoul",
                    "name": "",
                    "size": 8,
                    "snapshot_id": "",
                    "type": "network-hdd"
                  }
                ],
                "mode": "READ_WRITE"
              }
            ],
            "created_at": "2023-09-30T13:52:49Z",
            "description": "",
            "filesystem": [],
            "folder_id": "b1giv9grvevdcjkngmkk",
            "fqdn": "fhm3t7i728p0mv43lov9.auto.internal",
            "gpu_cluster_id": "",
            "hostname": "",
            "id": "fhm3t7i728p0mv43lov9",
            "labels": null,
            "local_disk": [],
            "metadata": {
              "ssh-keys": "ubuntu:ssh-rsa AAAAB3NzaC1yc2EAAAADAQABAAABgQCyO5RgvAV0Nk92gvrKjx+TWMiP0ioxQFzJE2To74cY3A/WPdInWiyGCJ5rpbYjU7rFn8OKoPogIYXX72AFkqaS7yiTEnt5Hrm3bfLqcP/Yk1NhuGBDG6Z0i/4XVI4La/bVmCj/HQG5W+4L8E2zHVMs+F44tqMBNwghxxLVlwBI1sGHhMnxwZil6hlDLR84zmZH7Ylji43GQW+shkEPXirtR3w8yyllL0bCPl6FBJECzxMGnwb/LM3IEn43wr++h7EMqQ5yqt1l8oU2Y/lWq2hvDeEWk9Mbug6PyNkojemz/pP8Gd83ZKtANuA2/e39cju9jtV/HYEZKEuzS3o3ci4yKCLMhlfU713dKHDmqs1Bk+egvwZ0+nU78ns67SGAAx6psgV/l/Z9kT1TW4KDn2GB6iv62ta3fTNFqiAdZ94Vjdophhy+z7kyeQtSVKfkaTdbpokLHheML+jiv0RSO8IuHvkSIokSnmp4w3zo7QNO+jZxZrdhx1b/F3T9cHgTZks= daniil@daniil\n"
            },
            "metadata_options": [
              {
                "aws_v1_http_endpoint": 1,
                "aws_v1_http_token": 2,
                "gce_http_endpoint": 1,
                "gce_http_token": 1
              }
            ],
            "name": "terraform1",
            "network_acceleration_type": "standard",
            "network_interface": [
              {
                "dns_record": [],
                "index": 0,
                "ip_address": "192.168.10.24",
                "ipv4": true,
                "ipv6": false,
                "ipv6_address": "",
                "ipv6_dns_record": [],
                "mac_address": "d0:0d:3e:9e:47:12",
                "nat": true,
                "nat_dns_record": [],
                "nat_ip_address": "51.250.95.85",
                "nat_ip_version": "IPV4",
                "security_group_ids": [],
                "subnet_id": "e9bi8phvtbtclqv8fue6"
              }
            ],
            "placement_policy": [
              {
                "host_affinity_rules": [],
                "placement_group_id": ""
              }
            ],
            "platform_id": "standard-v1",
            "resources": [
              {
                "core_fraction": 100,
                "cores": 2,
                "gpus": 0,
                "memory": 2
              }
            ],
            "scheduling_policy": [
              {
                "preemptible": false
              }
            ],
            "secondary_disk": [],
            "service_account_id": "",
            "status": "running",
            "timeouts": null,
            "zone": "ru-central1-a"
          },
          "sensitive_attributes": [],
          "private": "eyJlMmJmYjczMC1lY2FhLTExZTYtOGY4OC0zNDM2M2JjN2M0YzAiOnsiY3JlYXRlIjozMDAwMDAwMDAwMDAsImRlbGV0ZSI6MzAwMDAwMDAwMDAwLCJ1cGRhdGUiOjMwMDAwMDAwMDAwMH0sInNjaGVtYV92ZXJzaW9uIjoiMSJ9",
          "dependencies": [
            "yandex_vpc_network.network-1",
            "yandex_vpc_subnet.subnet-1"
          ]
        }
      ]
    },
    {
      "mode": "managed",
      "type": "yandex_vpc_network",
      "name": "network-1",
      "provider": "provider[\"registry.terraform.io/yandex-cloud/yandex\"]",
      "instances": [
        {
          "schema_version": 0,
          "attributes": {
            "created_at": "2023-09-30T13:52:43Z",
            "default_security_group_id": "enp4lbmipobghmrkrq3o",
            "description": "",
            "folder_id": "b1giv9grvevdcjkngmkk",
            "id": "enpb1fgcn1grpnq78qe5",
            "labels": {},
            "name": "network1",
            "subnet_ids": [],
            "timeouts": null
          },
          "sensitive_attributes": [],
          "private": "eyJlMmJmYjczMC1lY2FhLTExZTYtOGY4OC0zNDM2M2JjN2M0YzAiOnsiY3JlYXRlIjo2MDAwMDAwMDAwMCwiZGVsZXRlIjo2MDAwMDAwMDAwMCwidXBkYXRlIjo2MDAwMDAwMDAwMH19"
        }
      ]
    },
    {
      "mode": "managed",
      "type": "yandex_vpc_subnet",
      "name": "subnet-1",
      "provider": "provider[\"registry.terraform.io/yandex-cloud/yandex\"]",
      "instances": [
        {
          "schema_version": 0,
          "attributes": {
            "created_at": "2023-09-30T13:52:46Z",
            "description": "",
            "dhcp_options": [],
            "folder_id": "b1giv9grvevdcjkngmkk",
            "id": "e9bi8phvtbtclqv8fue6",
            "labels": {},
            "name": "subnet1",
            "network_id": "enpb1fgcn1grpnq78qe5",
            "route_table_id": "",
            "timeouts": null,
            "v4_cidr_blocks": [
              "192.168.10.0/24"
            ],
            "v6_cidr_blocks": [],
            "zone": "ru-central1-a"
          },
          "sensitive_attributes": [],
          "private": "eyJlMmJmYjczMC1lY2FhLTExZTYtOGY4OC0zNDM2M2JjN2M0YzAiOnsiY3JlYXRlIjoxODAwMDAwMDAwMDAsImRlbGV0ZSI6MTgwMDAwMDAwMDAwLCJ1cGRhdGUiOjE4MDAwMDAwMDAwMH19",
          "dependencies": [
            "yandex_vpc_network.network-1"
          ]
        }
      ]
    }
  ],
  "check_results": null
}
