{
  "version": 4,
  "terraform_version": "1.5.7",
  "serial": 26,
  "lineage": "81dc72ae-cc97-e57d-0b2b-07926fb7a4ca",
  "outputs": {
    "python_container_id": {
      "value": "b00da1bf87969677920b3a27bcd42cb0788737f27e1f90c81abf0391c8e99a7e",
      "type": "string"
    },
    "rust_container_id": {
      "value": "5ab81165c3f295bbac41498a3e5bcc0a20937d62b8f0dc44cad1500994a7c506",
      "type": "string"
    },
    "vm_instance_external_ip": {
      "value": "51.250.70.237",
      "type": "string"
    }
  },
  "resources": [
    {
      "module": "module.app_python",
      "mode": "managed",
      "type": "docker_container",
      "name": "python_app",
      "provider": "provider[\"registry.terraform.io/kreuzwerker/docker\"]",
      "instances": [
        {
          "schema_version": 2,
          "attributes": {
            "attach": false,
            "bridge": "",
            "capabilities": [],
            "cgroupns_mode": null,
            "command": [],
            "container_logs": null,
            "container_read_refresh_timeout_milliseconds": 15000,
            "cpu_set": "",
            "cpu_shares": 0,
            "destroy_grace_seconds": null,
            "devices": [],
            "dns": [],
            "dns_opts": [],
            "dns_search": [],
            "domainname": "",
            "entrypoint": [
              "gunicorn",
              "-k",
              "uvicorn.workers.UvicornWorker",
              "-w",
              "4",
              "--bind",
              "0.0.0.0:8080",
              "app:app"
            ],
            "env": [],
            "exit_code": null,
            "gpus": null,
            "group_add": [],
            "healthcheck": [],
            "host": [],
            "hostname": "b00da1bf8796",
            "id": "b00da1bf87969677920b3a27bcd42cb0788737f27e1f90c81abf0391c8e99a7e",
            "image": "sha256:cc3b85e272b5afa89fe75af936806b454d8d99fbb0388a6ee475da640db0c2c7",
            "init": false,
            "ipc_mode": "private",
            "labels": [],
            "log_driver": "json-file",
            "log_opts": {},
            "logs": false,
            "max_retry_count": 0,
            "memory": 0,
            "memory_swap": 0,
            "mounts": [],
            "must_run": true,
            "name": "python_app",
            "network_data": [
              {
                "gateway": "172.17.0.1",
                "global_ipv6_address": "",
                "global_ipv6_prefix_length": 0,
                "ip_address": "172.17.0.3",
                "ip_prefix_length": 16,
                "ipv6_gateway": "",
                "mac_address": "02:42:ac:11:00:03",
                "network_name": "bridge"
              }
            ],
            "network_mode": "default",
            "networks_advanced": [],
            "pid_mode": "",
            "ports": [
              {
                "external": 8080,
                "internal": 8080,
                "ip": "0.0.0.0",
                "protocol": "tcp"
              }
            ],
            "privileged": false,
            "publish_all_ports": false,
            "read_only": false,
            "remove_volumes": true,
            "restart": "no",
            "rm": false,
            "runtime": "runc",
            "security_opts": [],
            "shm_size": 64,
            "start": true,
            "stdin_open": false,
            "stop_signal": "",
            "stop_timeout": 0,
            "storage_opts": {},
            "sysctls": {},
            "tmpfs": {},
            "tty": false,
            "ulimit": [],
            "upload": [],
            "user": "user",
            "userns_mode": "",
            "volumes": [],
            "wait": false,
            "wait_timeout": 60,
            "working_dir": "/app"
          },
          "sensitive_attributes": [],
          "private": "eyJzY2hlbWFfdmVyc2lvbiI6IjIifQ==",
          "dependencies": [
            "module.app_python.docker_image.dvechtomova_image"
          ]
        }
      ]
    },
    {
      "module": "module.app_python",
      "mode": "managed",
      "type": "docker_image",
      "name": "dvechtomova_image",
      "provider": "provider[\"registry.terraform.io/kreuzwerker/docker\"]",
      "instances": [
        {
          "schema_version": 0,
          "attributes": {
            "build": [],
            "force_remove": null,
            "id": "sha256:cc3b85e272b5afa89fe75af936806b454d8d99fbb0388a6ee475da640db0c2c7dvechtomova/python_app",
            "image_id": "sha256:cc3b85e272b5afa89fe75af936806b454d8d99fbb0388a6ee475da640db0c2c7",
            "keep_locally": false,
            "name": "dvechtomova/python_app",
            "platform": null,
            "pull_triggers": null,
            "repo_digest": "dvechtomova/python_app@sha256:75042cddcec60f5fd5572c26d5a957dc092afaaa75a32e09e4b7eb1cefa5f4fe",
            "triggers": null
          },
          "sensitive_attributes": [],
          "private": "bnVsbA=="
        }
      ]
    },
    {
      "module": "module.app_rust",
      "mode": "managed",
      "type": "docker_container",
      "name": "python_app",
      "provider": "provider[\"registry.terraform.io/kreuzwerker/docker\"]",
      "instances": [
        {
          "schema_version": 2,
          "attributes": {
            "attach": false,
            "bridge": "",
            "capabilities": [],
            "cgroupns_mode": null,
            "command": [],
            "container_logs": null,
            "container_read_refresh_timeout_milliseconds": 15000,
            "cpu_set": "",
            "cpu_shares": 0,
            "destroy_grace_seconds": null,
            "devices": [],
            "dns": [],
            "dns_opts": [],
            "dns_search": [],
            "domainname": "",
            "entrypoint": [
              "/app/app_rust"
            ],
            "env": [],
            "exit_code": null,
            "gpus": null,
            "group_add": [],
            "healthcheck": [],
            "host": [],
            "hostname": "5ab81165c3f2",
            "id": "5ab81165c3f295bbac41498a3e5bcc0a20937d62b8f0dc44cad1500994a7c506",
            "image": "sha256:6f34323f4066a9ca5a44406a4ca6f6bd08b420e406f97bb7098e447c12be8ae1",
            "init": false,
            "ipc_mode": "private",
            "labels": [],
            "log_driver": "json-file",
            "log_opts": {},
            "logs": false,
            "max_retry_count": 0,
            "memory": 0,
            "memory_swap": 0,
            "mounts": [],
            "must_run": true,
            "name": "rust_app",
            "network_data": [
              {
                "gateway": "172.17.0.1",
                "global_ipv6_address": "",
                "global_ipv6_prefix_length": 0,
                "ip_address": "172.17.0.2",
                "ip_prefix_length": 16,
                "ipv6_gateway": "",
                "mac_address": "02:42:ac:11:00:02",
                "network_name": "bridge"
              }
            ],
            "network_mode": "default",
            "networks_advanced": [],
            "pid_mode": "",
            "ports": [
              {
                "external": 8081,
                "internal": 8080,
                "ip": "0.0.0.0",
                "protocol": "tcp"
              }
            ],
            "privileged": false,
            "publish_all_ports": false,
            "read_only": false,
            "remove_volumes": true,
            "restart": "no",
            "rm": false,
            "runtime": "runc",
            "security_opts": [],
            "shm_size": 64,
            "start": true,
            "stdin_open": false,
            "stop_signal": "",
            "stop_timeout": 0,
            "storage_opts": {},
            "sysctls": {},
            "tmpfs": {},
            "tty": false,
            "ulimit": [],
            "upload": [],
            "user": "user",
            "userns_mode": "",
            "volumes": [],
            "wait": false,
            "wait_timeout": 60,
            "working_dir": "/app"
          },
          "sensitive_attributes": [],
          "private": "eyJzY2hlbWFfdmVyc2lvbiI6IjIifQ==",
          "dependencies": [
            "module.app_rust.docker_image.dvechtomova_image"
          ]
        }
      ]
    },
    {
      "module": "module.app_rust",
      "mode": "managed",
      "type": "docker_image",
      "name": "dvechtomova_image",
      "provider": "provider[\"registry.terraform.io/kreuzwerker/docker\"]",
      "instances": [
        {
          "schema_version": 0,
          "attributes": {
            "build": [],
            "force_remove": null,
            "id": "sha256:6f34323f4066a9ca5a44406a4ca6f6bd08b420e406f97bb7098e447c12be8ae1dvechtomova/rust_app",
            "image_id": "sha256:6f34323f4066a9ca5a44406a4ca6f6bd08b420e406f97bb7098e447c12be8ae1",
            "keep_locally": false,
            "name": "dvechtomova/rust_app",
            "platform": null,
            "pull_triggers": null,
            "repo_digest": "dvechtomova/rust_app@sha256:293fb19ebeb36641772fb790b70d1e17b1a91e402604ab4b1c63b268fae6ea7a",
            "triggers": null
          },
          "sensitive_attributes": [],
          "private": "bnVsbA=="
        }
      ]
    },
    {
      "module": "module.yandex_cloud",
      "mode": "data",
      "type": "yandex_compute_image",
      "name": "ubuntu-2204-lts",
      "provider": "module.yandex_cloud.provider[\"registry.terraform.io/yandex-cloud/yandex\"]",
      "instances": [
        {
          "schema_version": 0,
          "attributes": {
            "created_at": "2023-09-11T10:53:12Z",
            "description": "ubuntu 22.04 lts",
            "family": "ubuntu-2204-lts",
            "folder_id": "standard-images",
            "id": "fd82nvvtllmimo92uoul",
            "image_id": "fd82nvvtllmimo92uoul",
            "labels": {},
            "min_disk_size": 8,
            "name": "ubuntu-22-04-lts-v20230911",
            "os_type": "linux",
            "pooled": true,
            "product_ids": [
              "f2eda9if0t3rl8jh2t4t"
            ],
            "size": 7,
            "status": "ready"
          },
          "sensitive_attributes": []
        }
      ]
    },
    {
      "module": "module.yandex_cloud",
      "mode": "managed",
      "type": "yandex_compute_instance",
      "name": "default",
      "provider": "module.yandex_cloud.provider[\"registry.terraform.io/yandex-cloud/yandex\"]",
      "instances": [
        {
          "schema_version": 1,
          "attributes": {
            "allow_recreate": null,
            "allow_stopping_for_update": true,
            "boot_disk": [
              {
                "auto_delete": true,
                "device_name": "fhm71ojr8pgfe6att7d2",
                "disk_id": "fhm71ojr8pgfe6att7d2",
                "initialize_params": [
                  {
                    "block_size": 4096,
                    "description": "",
                    "image_id": "fd82nvvtllmimo92uoul",
                    "name": "",
                    "size": 20,
                    "snapshot_id": "",
                    "type": "network-hdd"
                  }
                ],
                "mode": "READ_WRITE"
              }
            ],
            "created_at": "2023-09-15T10:16:44Z",
            "description": "",
            "filesystem": [],
            "folder_id": "b1ga10b6065uje11mhv3",
            "fqdn": "test.ru-central1.internal",
            "gpu_cluster_id": "",
            "hostname": "test",
            "id": "fhmr76qkvfgqbc31hcb2",
            "labels": {},
            "local_disk": [],
            "metadata": {
              "serial-port-enable": "1",
              "ssh-keys": "ubuntu:ssh-ed25519 AAAAC3NzaC1lZDI1NTE5AAAAIP9BFn0DlizeJRdjO1uOCfeVC0PN6wsay7FnZ7mNbiS1 user@fedora\n"
            },
            "metadata_options": [
              {
                "aws_v1_http_endpoint": 1,
                "aws_v1_http_token": 2,
                "gce_http_endpoint": 1,
                "gce_http_token": 1
              }
            ],
            "name": "test",
            "network_acceleration_type": "standard",
            "network_interface": [
              {
                "dns_record": [],
                "index": 0,
                "ip_address": "10.228.0.23",
                "ipv4": true,
                "ipv6": false,
                "ipv6_address": "",
                "ipv6_dns_record": [],
                "mac_address": "d0:0d:1b:39:b5:4f",
                "nat": true,
                "nat_dns_record": [],
                "nat_ip_address": "51.250.70.237",
                "nat_ip_version": "IPV4",
                "security_group_ids": [],
                "subnet_id": "e9b3of5kf2s3lfeefvhi"
              }
            ],
            "placement_policy": [
              {
                "host_affinity_rules": [],
                "placement_group_id": ""
              }
            ],
            "platform_id": "standard-v1",
            "resources": [
              {
                "core_fraction": 100,
                "cores": 2,
                "gpus": 0,
                "memory": 4
              }
            ],
            "scheduling_policy": [
              {
                "preemptible": false
              }
            ],
            "secondary_disk": [],
            "service_account_id": "",
            "status": "running",
            "timeouts": null,
            "zone": "ru-central1-a"
          },
          "sensitive_attributes": [],
          "private": "eyJlMmJmYjczMC1lY2FhLTExZTYtOGY4OC0zNDM2M2JjN2M0YzAiOnsiY3JlYXRlIjozMDAwMDAwMDAwMDAsImRlbGV0ZSI6MzAwMDAwMDAwMDAwLCJ1cGRhdGUiOjMwMDAwMDAwMDAwMH0sInNjaGVtYV92ZXJzaW9uIjoiMSJ9",
          "dependencies": [
            "module.yandex_cloud.data.yandex_compute_image.ubuntu-2204-lts",
            "module.yandex_cloud.yandex_vpc_address.vm1_addr",
            "module.yandex_cloud.yandex_vpc_subnet.net"
          ]
        }
      ]
    },
    {
      "module": "module.yandex_cloud",
      "mode": "managed",
      "type": "yandex_vpc_address",
      "name": "vm1_addr",
      "provider": "module.yandex_cloud.provider[\"registry.terraform.io/yandex-cloud/yandex\"]",
      "instances": [
        {
          "schema_version": 0,
          "attributes": {
            "created_at": "2023-09-15T10:16:41Z",
            "deletion_protection": false,
            "description": "",
            "external_ipv4_address": [
              {
                "address": "51.250.70.237",
                "ddos_protection_provider": "",
                "outgoing_smtp_capability": "",
                "zone_id": "ru-central1-a"
              }
            ],
            "folder_id": "b1ga10b6065uje11mhv3",
            "id": "e9b6bkhlf0fr80ekemoa",
            "labels": {},
            "name": "vm1_addr",
            "reserved": true,
            "timeouts": null,
            "used": true
          },
          "sensitive_attributes": [],
          "private": "eyJlMmJmYjczMC1lY2FhLTExZTYtOGY4OC0zNDM2M2JjN2M0YzAiOnsiY3JlYXRlIjozMDAwMDAwMDAwMCwiZGVsZXRlIjozMDAwMDAwMDAwMCwidXBkYXRlIjozMDAwMDAwMDAwMH19"
        }
      ]
    },
    {
      "module": "module.yandex_cloud",
      "mode": "managed",
      "type": "yandex_vpc_network",
      "name": "net",
      "provider": "module.yandex_cloud.provider[\"registry.terraform.io/yandex-cloud/yandex\"]",
      "instances": [
        {
          "schema_version": 0,
          "attributes": {
            "created_at": "2023-09-15T10:16:41Z",
            "default_security_group_id": "enpdhotn89o4fijhlcud",
            "description": "",
            "folder_id": "b1ga10b6065uje11mhv3",
            "id": "enpmbka8sip6jtp9pg0o",
            "labels": {},
            "name": "",
            "subnet_ids": [
              "e9b3of5kf2s3lfeefvhi"
            ],
            "timeouts": null
          },
          "sensitive_attributes": [],
          "private": "eyJlMmJmYjczMC1lY2FhLTExZTYtOGY4OC0zNDM2M2JjN2M0YzAiOnsiY3JlYXRlIjo2MDAwMDAwMDAwMCwiZGVsZXRlIjo2MDAwMDAwMDAwMCwidXBkYXRlIjo2MDAwMDAwMDAwMH19"
        }
      ]
    },
    {
      "module": "module.yandex_cloud",
      "mode": "managed",
      "type": "yandex_vpc_subnet",
      "name": "net",
      "provider": "module.yandex_cloud.provider[\"registry.terraform.io/yandex-cloud/yandex\"]",
      "instances": [
        {
          "schema_version": 0,
          "attributes": {
            "created_at": "2023-09-15T10:16:43Z",
            "description": "",
            "dhcp_options": [],
            "folder_id": "b1ga10b6065uje11mhv3",
            "id": "e9b3of5kf2s3lfeefvhi",
            "labels": {},
            "name": "",
            "network_id": "enpmbka8sip6jtp9pg0o",
            "route_table_id": "",
            "timeouts": null,
            "v4_cidr_blocks": [
              "10.228.0.0/24"
            ],
            "v6_cidr_blocks": [],
            "zone": "ru-central1-a"
          },
          "sensitive_attributes": [],
          "private": "eyJlMmJmYjczMC1lY2FhLTExZTYtOGY4OC0zNDM2M2JjN2M0YzAiOnsiY3JlYXRlIjoxODAwMDAwMDAwMDAsImRlbGV0ZSI6MTgwMDAwMDAwMDAwLCJ1cGRhdGUiOjE4MDAwMDAwMDAwMH19",
          "dependencies": [
            "module.yandex_cloud.yandex_vpc_network.net"
          ]
        }
      ]
    }
  ],
  "check_results": null
}
