
Microsoft Visual Studio Solution File, Format Version 12.00
Project("{FAE04EC0-301F-11D3-BF4B-00C04F79EFBC}") = "src", "src.csproj", "{F1F6B5B9-D2B6-4E55-9225-82982D324F23}"
EndProject
Global
	GlobalSection(SolutionConfigurationPlatforms) = preSolution
		Debug|Any CPU = Debug|Any CPU
		Release|Any CPU = Release|Any CPU
	EndGlobalSection
	GlobalSection(ProjectConfigurationPlatforms) = postSolution
		{F1F6B5B9-D2B6-4E55-9225-82982D324F23}.Debug|Any CPU.ActiveCfg = Debug|Any CPU
		{F1F6B5B9-D2B6-4E55-9225-82982D324F23}.Debug|Any CPU.Build.0 = Debug|Any CPU
		{F1F6B5B9-D2B6-4E55-9225-82982D324F23}.Release|Any CPU.ActiveCfg = Release|Any CPU
		{F1F6B5B9-D2B6-4E55-9225-82982D324F23}.Release|Any CPU.Build.0 = Release|Any CPU
	EndGlobalSection
EndGlobal
