Terraform used the selected providers to generate the following execution plan. Resource actions are indicated with the
following symbols:
  + create

Terraform will perform the following actions:

  # github_branch_default.main will be created
  + resource "github_branch_default" "main" {
      + branch     = "main"
      + id         = (known after apply)
      + repository = "DevOps-Course-Terraform-Repo"
    }

  # github_branch_protection.default will be created
  + resource "github_branch_protection" "default" {
      + allows_deletions                = false
      + allows_force_pushes             = false
      + blocks_creations                = false
      + enforce_admins                  = true
      + id                              = (known after apply)
      + pattern                         = "main"
      + repository_id                   = (known after apply)
      + require_conversation_resolution = true
      + require_signed_commits          = false
      + required_linear_history         = false

      + required_pull_request_reviews {
          + required_approving_review_count = 1
        }
    }

  # github_repository.repo will be created
  + resource "github_repository" "repo" {
      + allow_auto_merge            = false
      + allow_merge_commit          = true
      + allow_rebase_merge          = true
      + allow_squash_merge          = true
      + archived                    = false
      + auto_init                   = true
      + branches                    = (known after apply)
      + default_branch              = (known after apply)
      + delete_branch_on_merge      = false
      + description                 = "DevOps course. Terraform lab."
      + etag                        = (known after apply)
      + full_name                   = (known after apply)
      + git_clone_url               = (known after apply)
      + gitignore_template          = "VisualStudio"
      + has_issues                  = true
      + has_wiki                    = true
      + html_url                    = (known after apply)
      + http_clone_url              = (known after apply)
      + id                          = (known after apply)
      + license_template            = "mit"
      + merge_commit_message        = "PR_TITLE"
      + merge_commit_title          = "MERGE_MESSAGE"
      + name                        = "DevOps-Course-Terraform-Repo"
      + node_id                     = (known after apply)
      + private                     = (known after apply)
      + repo_id                     = (known after apply)
      + squash_merge_commit_message = "COMMIT_MESSAGES"
      + squash_merge_commit_title   = "COMMIT_OR_PR_TITLE"
      + ssh_clone_url               = (known after apply)
      + svn_url                     = (known after apply)
      + visibility                  = "public"
    }

Plan: 3 to add, 0 to change, 0 to destroy.

Changes to Outputs:
  + html_url = (known after apply)

Do you want to perform these actions?
  Terraform will perform the actions described above.
  Only 'yes' will be accepted to approve.

  Enter a value: yes

github_repository.repo: Creating...
github_repository.repo: Creation complete after 6s [id=DevOps-Course-Terraform-Repo]
github_branch_default.main: Creating...
github_branch_default.main: Creation complete after 1s [id=DevOps-Course-Terraform-Repo]
github_branch_protection.default: Creating...
github_branch_protection.default: Creation complete after 5s [id=BPR_kwDOKW1znM4Cfz0Y]

Apply complete! Resources: 3 added, 0 changed, 0 destroyed.

Outputs:

html_url = "https://github.com/DamirNabiull/DevOps-Course-Terraform-Repo"