{
  "version": 4,
  "terraform_version": "1.5.7",
  "serial": 1,
  "lineage": "b5b91c31-81c8-8d11-0405-cc88d510c297",
  "outputs": {},
  "resources": [
    {
      "mode": "managed",
      "type": "github_repository",
      "name": "repo",
      "provider": "provider[\"registry.terraform.io/integrations/github\"]",
      "instances": [
        {
          "schema_version": 1,
          "attributes": {
            "allow_auto_merge": false,
            "allow_merge_commit": true,
            "allow_rebase_merge": true,
            "allow_squash_merge": true,
            "allow_update_branch": false,
            "archive_on_destroy": null,
            "archived": false,
            "auto_init": false,
            "default_branch": "main",
            "delete_branch_on_merge": false,
            "description": "i have been created to die",
            "etag": "W/\"97e4f2255528b1ef35c203abb934ff880da7700481f123e6e582e0b39d4292f6\"",
            "full_name": "xdkomel/devops_test",
            "git_clone_url": "git://github.com/xdkomel/devops_test.git",
            "gitignore_template": null,
            "has_discussions": false,
            "has_downloads": false,
            "has_issues": true,
            "has_projects": false,
            "has_wiki": true,
            "homepage_url": "",
            "html_url": "https://github.com/xdkomel/devops_test",
            "http_clone_url": "https://github.com/xdkomel/devops_test.git",
            "id": "devops_test",
            "ignore_vulnerability_alerts_during_read": null,
            "is_template": false,
            "license_template": null,
            "merge_commit_message": "PR_TITLE",
            "merge_commit_title": "MERGE_MESSAGE",
            "name": "devops_test",
            "node_id": "R_kgDOKY2XHw",
            "pages": [],
            "primary_language": "",
            "private": false,
            "repo_id": 697145119,
            "security_and_analysis": [
              {
                "advanced_security": [],
                "secret_scanning": [
                  {
                    "status": "disabled"
                  }
                ],
                "secret_scanning_push_protection": [
                  {
                    "status": "disabled"
                  }
                ]
              }
            ],
            "squash_merge_commit_message": "COMMIT_MESSAGES",
            "squash_merge_commit_title": "COMMIT_OR_PR_TITLE",
            "ssh_clone_url": "git@github.com:xdkomel/devops_test.git",
            "svn_url": "https://github.com/xdkomel/devops_test",
            "template": [],
            "topics": [],
            "visibility": "public",
            "vulnerability_alerts": false
          },
          "sensitive_attributes": [],
          "private": "eyJzY2hlbWFfdmVyc2lvbiI6IjEifQ=="
        }
      ]
    }
  ],
  "check_results": null
}
