{
   "version": 4,
   "terraform_version": "1.5.7",
   "serial": 3,
   "lineage": "5fefe735-5292-9fa7-205a-141545dd7a99",
   "outputs": {},
   "resources": [
     {
       "mode": "managed",
       "type": "github_branch_protection",
       "name": "default",
       "provider": "provider[\"registry.terraform.io/integrations/github\"]",
       "instances": []
     },
     {
       "mode": "managed",
       "type": "github_repository",
       "name": "repo",
       "provider": "provider[\"registry.terraform.io/integrations/github\"]",
       "instances": [
         {
           "schema_version": 0,
           "attributes": {
             "allow_auto_merge": false,
             "allow_merge_commit": true,
             "allow_rebase_merge": true,
             "allow_squash_merge": true,
             "archive_on_destroy": null,
             "archived": false,
             "auto_init": true,
             "branches": [
               {
                 "name": "main",
                 "protected": false
               }
             ],
             "default_branch": "main",
             "delete_branch_on_merge": false,
             "description": "Repository managed with terraform",
             "etag": "W/\"d7b9da415aace3ec31cff4436aef398b33d6635ae851f0a133881778983195e9\"",
             "full_name": "KarinaTyulebaeva/k-tyulebaeva-Demo-Repo",
             "git_clone_url": "git://github.com/KarinaTyulebaeva/k-tyulebaeva-Demo-Repo.git",
             "gitignore_template": "VisualStudio",
             "has_downloads": false,
             "has_issues": true,
             "has_projects": false,
             "has_wiki": true,
             "homepage_url": "",
             "html_url": "https://github.com/KarinaTyulebaeva/k-tyulebaeva-Demo-Repo",
             "http_clone_url": "https://github.com/KarinaTyulebaeva/k-tyulebaeva-Demo-Repo.git",
             "id": "k-tyulebaeva-Demo-Repo",
             "ignore_vulnerability_alerts_during_read": null,
             "is_template": false,
             "license_template": "mit",
             "merge_commit_message": "PR_TITLE",
             "merge_commit_title": "MERGE_MESSAGE",
             "name": "k-tyulebaeva-Demo-Repo",
             "node_id": "R_kgDOKYwptQ",
             "pages": [],
             "private": false,
             "repo_id": 697051573,
             "squash_merge_commit_message": "COMMIT_MESSAGES",
             "squash_merge_commit_title": "COMMIT_OR_PR_TITLE",
             "ssh_clone_url": "git@github.com:KarinaTyulebaeva/k-tyulebaeva-Demo-Repo.git",
             "svn_url": "https://github.com/KarinaTyulebaeva/k-tyulebaeva-Demo-Repo",
             "template": [],
             "topics": null,
             "visibility": "public",
             "vulnerability_alerts": false
           },
           "sensitive_attributes": [],
           "private": "bnVsbA=="
         }
       ]
     }
   ],
   "check_results": null
 }