{
  "version": 4,
  "terraform_version": "1.5.7",
  "serial": 5,
  "lineage": "73363258-0a3c-dbfb-05f5-49a4cbfbd48c",
  "outputs": {},
  "resources": [
    {
      "mode": "managed",
      "type": "github_branch_default",
      "name": "repo_default",
      "provider": "provider[\"registry.terraform.io/integrations/github\"]",
      "instances": [
        {
          "schema_version": 0,
          "attributes": {
            "branch": "main",
            "id": "IU-Devops-demo-repo",
            "rename": false,
            "repository": "IU-Devops-demo-repo"
          },
          "sensitive_attributes": [],
          "private": "bnVsbA==",
          "dependencies": [
            "github_repository.repo"
          ]
        }
      ]
    },
    {
      "mode": "managed",
      "type": "github_branch_protection",
      "name": "default",
      "provider": "provider[\"registry.terraform.io/integrations/github\"]",
      "instances": [
        {
          "schema_version": 1,
          "attributes": {
            "allows_deletions": false,
            "allows_force_pushes": false,
            "blocks_creations": false,
            "enforce_admins": true,
            "force_push_bypassers": null,
            "id": "BPR_kwDOKYuols4CgWv0",
            "lock_branch": false,
            "pattern": "main",
            "push_restrictions": null,
            "repository_id": "IU-Devops-demo-repo",
            "require_conversation_resolution": true,
            "require_signed_commits": false,
            "required_linear_history": false,
            "required_pull_request_reviews": [
              {
                "dismiss_stale_reviews": false,
                "dismissal_restrictions": null,
                "pull_request_bypassers": null,
                "require_code_owner_reviews": false,
                "require_last_push_approval": false,
                "required_approving_review_count": 1,
                "restrict_dismissals": false
              }
            ],
            "required_status_checks": []
          },
          "sensitive_attributes": [],
          "private": "eyJzY2hlbWFfdmVyc2lvbiI6IjEifQ==",
          "dependencies": [
            "github_branch_default.repo_default",
            "github_repository.repo"
          ]
        }
      ]
    },
    {
      "mode": "managed",
      "type": "github_repository",
      "name": "repo",
      "provider": "provider[\"registry.terraform.io/integrations/github\"]",
      "instances": [
        {
          "schema_version": 1,
          "attributes": {
            "allow_auto_merge": false,
            "allow_merge_commit": true,
            "allow_rebase_merge": true,
            "allow_squash_merge": true,
            "allow_update_branch": false,
            "archive_on_destroy": null,
            "archived": false,
            "auto_init": true,
            "default_branch": "main",
            "delete_branch_on_merge": false,
            "description": "demo repo",
            "etag": "W/\"8d7ca6144f56165c3e956fb96764dc9f16415b029b5ce452d4389a2889f7564f\"",
            "full_name": "vlasov-egor/IU-Devops-demo-repo",
            "git_clone_url": "git://github.com/vlasov-egor/IU-Devops-demo-repo.git",
            "gitignore_template": "VisualStudio",
            "has_discussions": false,
            "has_downloads": false,
            "has_issues": true,
            "has_projects": false,
            "has_wiki": true,
            "homepage_url": "",
            "html_url": "https://github.com/vlasov-egor/IU-Devops-demo-repo",
            "http_clone_url": "https://github.com/vlasov-egor/IU-Devops-demo-repo.git",
            "id": "IU-Devops-demo-repo",
            "ignore_vulnerability_alerts_during_read": null,
            "is_template": false,
            "license_template": "mit",
            "merge_commit_message": "PR_TITLE",
            "merge_commit_title": "MERGE_MESSAGE",
            "name": "IU-Devops-demo-repo",
            "node_id": "R_kgDOKYuolg",
            "pages": [],
            "primary_language": "",
            "private": false,
            "repo_id": 697018518,
            "security_and_analysis": [
              {
                "advanced_security": [],
                "secret_scanning": [
                  {
                    "status": "disabled"
                  }
                ],
                "secret_scanning_push_protection": [
                  {
                    "status": "disabled"
                  }
                ]
              }
            ],
            "squash_merge_commit_message": "COMMIT_MESSAGES",
            "squash_merge_commit_title": "COMMIT_OR_PR_TITLE",
            "ssh_clone_url": "git@github.com:vlasov-egor/IU-Devops-demo-repo.git",
            "svn_url": "https://github.com/vlasov-egor/IU-Devops-demo-repo",
            "template": [],
            "topics": [],
            "visibility": "public",
            "vulnerability_alerts": false
          },
          "sensitive_attributes": [],
          "private": "eyJzY2hlbWFfdmVyc2lvbiI6IjEifQ=="
        }
      ]
    }
  ],
  "check_results": null
}
