{
  "version": 4,
  "terraform_version": "1.5.7",
  "serial": 65,
  "lineage": "4626c9e8-9858-466c-3be9-7a7d3524d922",
  "outputs": {},
  "resources": [
    {
      "mode": "managed",
      "type": "github_branch_protection",
      "name": "default",
      "provider": "provider[\"registry.terraform.io/integrations/github\"]",
      "instances": []
    },
    {
      "mode": "managed",
      "type": "github_repository",
      "name": "repo",
      "provider": "provider[\"registry.terraform.io/integrations/github\"]",
      "instances": [
        {
          "schema_version": 1,
          "attributes": {
            "allow_auto_merge": false,
            "allow_merge_commit": true,
            "allow_rebase_merge": true,
            "allow_squash_merge": true,
            "allow_update_branch": false,
            "archive_on_destroy": null,
            "archived": false,
            "auto_init": null,
            "default_branch": "main",
            "delete_branch_on_merge": false,
            "description": "Assigments for DevOps course",
            "etag": "W/\"9df3dbb90fefd157a150bd28244d9c0051cbdb58e2d674343b20b8cbf193b913\"",
            "full_name": "relisqu-org/devops-terraform-labs",
            "git_clone_url": "git://github.com/relisqu-org/devops-terraform-labs.git",
            "gitignore_template": null,
            "has_discussions": false,
            "has_downloads": false,
            "has_issues": false,
            "has_projects": false,
            "has_wiki": true,
            "homepage_url": "",
            "html_url": "https://github.com/relisqu-org/devops-terraform-labs",
            "http_clone_url": "https://github.com/relisqu-org/devops-terraform-labs.git",
            "id": "devops-terraform-labs",
            "ignore_vulnerability_alerts_during_read": null,
            "is_template": false,
            "license_template": null,
            "merge_commit_message": "PR_TITLE",
            "merge_commit_title": "MERGE_MESSAGE",
            "name": "devops-terraform-labs",
            "node_id": "R_kgDOKYtXEA",
            "pages": [],
            "primary_language": "",
            "private": false,
            "repo_id": 696997648,
            "security_and_analysis": [
              {
                "advanced_security": [],
                "secret_scanning": [
                  {
                    "status": "disabled"
                  }
                ],
                "secret_scanning_push_protection": [
                  {
                    "status": "disabled"
                  }
                ]
              }
            ],
            "squash_merge_commit_message": "COMMIT_MESSAGES",
            "squash_merge_commit_title": "COMMIT_OR_PR_TITLE",
            "ssh_clone_url": "git@github.com:relisqu-org/devops-terraform-labs.git",
            "svn_url": "https://github.com/relisqu-org/devops-terraform-labs",
            "template": [],
            "topics": [],
            "visibility": "public",
            "vulnerability_alerts": false
          },
          "sensitive_attributes": [],
          "private": "eyJzY2hlbWFfdmVyc2lvbiI6IjEifQ=="
        }
      ]
    },
    {
      "mode": "managed",
      "type": "github_team",
      "name": "team-a",
      "provider": "provider[\"registry.terraform.io/integrations/github\"]",
      "instances": [
        {
          "schema_version": 0,
          "attributes": {
            "create_default_maintainer": false,
            "description": "Some team A",
            "etag": "W/\"bd59645d6cba0bf0167dfa95bcb684d4b10006ae943cad255af84f9628cfba5a\"",
            "id": "8646745",
            "ldap_dn": "",
            "members_count": 0,
            "name": "team-a",
            "node_id": "T_kwDOCLXehc4Ag_BZ",
            "parent_team_id": "",
            "parent_team_read_id": null,
            "parent_team_read_slug": null,
            "privacy": "secret",
            "slug": "team-a"
          },
          "sensitive_attributes": [],
          "private": "bnVsbA=="
        }
      ]
    },
    {
      "mode": "managed",
      "type": "github_team",
      "name": "team-b",
      "provider": "provider[\"registry.terraform.io/integrations/github\"]",
      "instances": [
        {
          "schema_version": 0,
          "attributes": {
            "create_default_maintainer": false,
            "description": "Some team B",
            "etag": "W/\"c456227cb99a1cc906adc3ae03d66c2b80d9aea6d274bfb4cbbff1db1f25ce47\"",
            "id": "8646744",
            "ldap_dn": "",
            "members_count": 0,
            "name": "team-b",
            "node_id": "T_kwDOCLXehc4Ag_BY",
            "parent_team_id": "",
            "parent_team_read_id": null,
            "parent_team_read_slug": null,
            "privacy": "secret",
            "slug": "team-b"
          },
          "sensitive_attributes": [],
          "private": "bnVsbA=="
        }
      ]
    },
    {
      "mode": "managed",
      "type": "github_team_repository",
      "name": "team_a_to_repo",
      "provider": "provider[\"registry.terraform.io/integrations/github\"]",
      "instances": [
        {
          "schema_version": 0,
          "attributes": {
            "etag": "W/\"c50d6d1d58a82737838241ab258d5816507be125bb522acb44104d47297b1e18\"",
            "id": "8646745:devops-terraform-labs",
            "permission": "pull",
            "repository": "devops-terraform-labs",
            "team_id": "8646745"
          },
          "sensitive_attributes": [],
          "private": "bnVsbA==",
          "dependencies": [
            "github_repository.repo",
            "github_team.team-a"
          ]
        }
      ]
    },
    {
      "mode": "managed",
      "type": "github_team_repository",
      "name": "team_b_to_repo",
      "provider": "provider[\"registry.terraform.io/integrations/github\"]",
      "instances": [
        {
          "schema_version": 0,
          "attributes": {
            "etag": "W/\"850c6a7c58b7a06ef009404a164183a19c113f2fe07fd36d4de459d921289ef3\"",
            "id": "8646744:devops-terraform-labs",
            "permission": "admin",
            "repository": "devops-terraform-labs",
            "team_id": "8646744"
          },
          "sensitive_attributes": [],
          "private": "bnVsbA==",
          "dependencies": [
            "github_repository.repo",
            "github_team.team-b"
          ]
        }
      ]
    }
  ],
  "check_results": null
}
