{
  "version": 4,
  "terraform_version": "1.5.7",
  "serial": 6,
  "lineage": "e3b82d3b-9aaf-6227-a94a-f28c0c9692a5",
  "outputs": {},
  "resources": [
    {
      "mode": "managed",
      "type": "docker_image",
      "name": "nginx",
      "provider": "provider[\"registry.terraform.io/kreuzwerker/docker\"]",
      "instances": [
        {
          "schema_version": 0,
          "attributes": {
            "build": [],
            "force_remove": null,
            "id": "sha256:88736fe827391462a4db99252117f136b2b25d1d31719006326a437bb40cb12dnginx:latest",
            "image_id": "sha256:88736fe827391462a4db99252117f136b2b25d1d31719006326a437bb40cb12d",
            "keep_locally": false,
            "name": "nginx:latest",
            "platform": null,
            "pull_triggers": null,
            "repo_digest": "nginx@sha256:e209ac2f37c70c1e0e9873a5f7231e91dcd83fdf1178d8ed36c2ec09974210ba",
            "triggers": null
          },
          "sensitive_attributes": [],
          "private": "bnVsbA=="
        }
      ]
    }
  ],
  "check_results": null
}
