{
   "version": 4,
   "terraform_version": "1.5.7",
   "serial": 9,
   "lineage": "a2ba45f0-1d63-778d-2df2-f4fa4a42bafb",
   "outputs": {
     "container_id": {
       "value": "bd3867725343226094a41701cb9848f8d5ce5db91b94146fdb42a666413f3e60",
       "type": "string"
     },
     "image_id": {
       "value": "sha256:61395b4c586da2b9b3b7ca903ea6a448e6783dfdd7f768ff2c1a0f3360aaba99nginx:latest",
       "type": "string"
     }
   },
   "resources": [
     {
       "mode": "managed",
       "type": "docker_container",
       "name": "nginx",
       "provider": "provider[\"registry.terraform.io/kreuzwerker/docker\"]",
       "instances": [
         {
           "schema_version": 2,
           "attributes": {
             "attach": false,
             "bridge": "",
             "capabilities": [],
             "cgroupns_mode": null,
             "command": [
               "nginx",
               "-g",
               "daemon off;"
             ],
             "container_logs": null,
             "container_read_refresh_timeout_milliseconds": 15000,
             "cpu_set": "",
             "cpu_shares": 0,
             "destroy_grace_seconds": null,
             "devices": [],
             "dns": null,
             "dns_opts": null,
             "dns_search": null,
             "domainname": "",
             "entrypoint": [
               "/docker-entrypoint.sh"
             ],
             "env": [],
             "exit_code": null,
             "gpus": null,
             "group_add": null,
             "healthcheck": null,
             "host": [],
             "hostname": "bd3867725343",
             "id": "bd3867725343226094a41701cb9848f8d5ce5db91b94146fdb42a666413f3e60",
             "image": "sha256:61395b4c586da2b9b3b7ca903ea6a448e6783dfdd7f768ff2c1a0f3360aaba99",
             "init": false,
             "ipc_mode": "private",
             "labels": [],
             "log_driver": "json-file",
             "log_opts": null,
             "logs": false,
             "max_retry_count": 0,
             "memory": 0,
             "memory_swap": 0,
             "mounts": [],
             "must_run": true,
             "name": "ExampleNginxContainer",
             "network_data": [
               {
                 "gateway": "172.17.0.1",
                 "global_ipv6_address": "",
                 "global_ipv6_prefix_length": 0,
                 "ip_address": "172.17.0.2",
                 "ip_prefix_length": 16,
                 "ipv6_gateway": "",
                 "mac_address": "02:42:ac:11:00:02",
                 "network_name": "bridge"
               }
             ],
             "network_mode": "default",
             "networks_advanced": [],
             "pid_mode": "",
             "ports": [
               {
                 "external": 8000,
                 "internal": 80,
                 "ip": "0.0.0.0",
                 "protocol": "tcp"
               }
             ],
             "privileged": false,
             "publish_all_ports": false,
             "read_only": false,
             "remove_volumes": true,
             "restart": "no",
             "rm": false,
             "runtime": "runc",
             "security_opts": [],
             "shm_size": 64,
             "start": true,
             "stdin_open": false,
             "stop_signal": "SIGQUIT",
             "stop_timeout": 0,
             "storage_opts": null,
             "sysctls": null,
             "tmpfs": null,
             "tty": false,
             "ulimit": [],
             "upload": [],
             "user": "",
             "userns_mode": "",
             "volumes": [],
             "wait": false,
             "wait_timeout": 60,
             "working_dir": ""
           },
           "sensitive_attributes": [],
           "private": "eyJzY2hlbWFfdmVyc2lvbiI6IjIifQ==",
           "dependencies": [
             "docker_image.nginx"
           ]
         }
       ]
     },
     {
       "mode": "managed",
       "type": "docker_image",
       "name": "nginx",
       "provider": "provider[\"registry.terraform.io/kreuzwerker/docker\"]",
       "instances": [
         {
           "schema_version": 0,
           "attributes": {
             "build": [],
             "force_remove": null,
             "id": "sha256:61395b4c586da2b9b3b7ca903ea6a448e6783dfdd7f768ff2c1a0f3360aaba99nginx:latest",
             "image_id": "sha256:61395b4c586da2b9b3b7ca903ea6a448e6783dfdd7f768ff2c1a0f3360aaba99",
             "keep_locally": false,
             "name": "nginx:latest",
             "platform": null,
             "pull_triggers": null,
             "repo_digest": "nginx@sha256:32da30332506740a2f7c34d5dc70467b7f14ec67d912703568daff790ab3f755",
             "triggers": null
           },
           "sensitive_attributes": [],
           "private": "bnVsbA=="
         }
       ]
     }
   ],
   "check_results": null
 }