{
  "version": 4,
  "terraform_version": "1.5.7",
  "serial": 6,
  "lineage": "c52c0759-9b5f-c78f-9245-1050e90531ac",
  "outputs": {
    "container_id": {
      "value": "d019b1da8f46d0cc3f31c1d4f9682f4373c56e0c17c81189f81086539aaf09e8",
      "type": "string"
    },
    "image_id": {
      "value": "sha256:990bd7a3cf69714ed95832b30f32992d3c647e94f9643c78dc93b0feab1d02aerakavaqaflow/app-python:v1",
      "type": "string"
    }
  },
  "resources": [
    {
      "mode": "managed",
      "type": "docker_container",
      "name": "app_python",
      "provider": "provider[\"registry.terraform.io/kreuzwerker/docker\"]",
      "instances": [
        {
          "schema_version": 2,
          "attributes": {
            "attach": false,
            "bridge": "",
            "capabilities": [],
            "cgroupns_mode": null,
            "command": [
              "python",
              "main.py"
            ],
            "container_logs": null,
            "container_read_refresh_timeout_milliseconds": 15000,
            "cpu_set": "",
            "cpu_shares": 0,
            "destroy_grace_seconds": null,
            "devices": [],
            "dns": null,
            "dns_opts": null,
            "dns_search": null,
            "domainname": "",
            "entrypoint": [],
            "env": [],
            "exit_code": null,
            "gpus": null,
            "group_add": null,
            "healthcheck": null,
            "host": [],
            "hostname": "d019b1da8f46",
            "id": "d019b1da8f46d0cc3f31c1d4f9682f4373c56e0c17c81189f81086539aaf09e8",
            "image": "sha256:990bd7a3cf69714ed95832b30f32992d3c647e94f9643c78dc93b0feab1d02ae",
            "init": false,
            "ipc_mode": "private",
            "labels": [],
            "log_driver": "json-file",
            "log_opts": null,
            "logs": false,
            "max_retry_count": 0,
            "memory": 0,
            "memory_swap": 0,
            "mounts": [],
            "must_run": true,
            "name": "app-python",
            "network_data": [
              {
                "gateway": "172.17.0.1",
                "global_ipv6_address": "",
                "global_ipv6_prefix_length": 0,
                "ip_address": "172.17.0.2",
                "ip_prefix_length": 16,
                "ipv6_gateway": "",
                "mac_address": "02:42:ac:11:00:02",
                "network_name": "bridge"
              }
            ],
            "network_mode": "default",
            "networks_advanced": [],
            "pid_mode": "",
            "ports": [
              {
                "external": 5000,
                "internal": 5000,
                "ip": "0.0.0.0",
                "protocol": "tcp"
              }
            ],
            "privileged": false,
            "publish_all_ports": false,
            "read_only": false,
            "remove_volumes": true,
            "restart": "no",
            "rm": false,
            "runtime": "runc",
            "security_opts": [],
            "shm_size": 64,
            "start": true,
            "stdin_open": false,
            "stop_signal": "",
            "stop_timeout": 0,
            "storage_opts": null,
            "sysctls": null,
            "tmpfs": null,
            "tty": false,
            "ulimit": [],
            "upload": [],
            "user": "myuser",
            "userns_mode": "",
            "volumes": [],
            "wait": false,
            "wait_timeout": 60,
            "working_dir": "/app"
          },
          "sensitive_attributes": [],
          "private": "eyJzY2hlbWFfdmVyc2lvbiI6IjIifQ==",
          "dependencies": [
            "docker_image.app_python"
          ]
        }
      ]
    },
    {
      "mode": "managed",
      "type": "docker_image",
      "name": "app_python",
      "provider": "provider[\"registry.terraform.io/kreuzwerker/docker\"]",
      "instances": [
        {
          "schema_version": 0,
          "attributes": {
            "build": [],
            "force_remove": null,
            "id": "sha256:990bd7a3cf69714ed95832b30f32992d3c647e94f9643c78dc93b0feab1d02aerakavaqaflow/app-python:v1",
            "image_id": "sha256:990bd7a3cf69714ed95832b30f32992d3c647e94f9643c78dc93b0feab1d02ae",
            "keep_locally": false,
            "name": "rakavaqaflow/app-python:v1",
            "platform": null,
            "pull_triggers": null,
            "repo_digest": "rakavaqaflow/app-python@sha256:cd298b6bcbcc531cb4f9d482074cf725eff7c34b4bacac8a25d2ee8e14d0b65e",
            "triggers": null
          },
          "sensitive_attributes": [],
          "private": "bnVsbA=="
        }
      ]
    }
  ],
  "check_results": null
}
