{
  "version": 4,
  "terraform_version": "1.6.3",
  "serial": 1,
  "lineage": "57b36a7b-1640-af08-0e46-c6e88669c62e",
  "outputs": {},
  "resources": [
    {
      "mode": "managed",
      "type": "github_repository",
      "name": "repo",
      "provider": "provider[\"registry.terraform.io/integrations/github\"]",
      "instances": [
        {
          "status": "tainted",
          "schema_version": 1,
          "attributes": {
            "allow_auto_merge": false,
            "allow_merge_commit": true,
            "allow_rebase_merge": true,
            "allow_squash_merge": true,
            "allow_update_branch": null,
            "archive_on_destroy": null,
            "archived": false,
            "auto_init": true,
            "default_branch": null,
            "delete_branch_on_merge": false,
            "description": "My awesome codebase",
            "etag": null,
            "full_name": null,
            "git_clone_url": null,
            "gitignore_template": "VisualStudio",
            "has_discussions": null,
            "has_downloads": null,
            "has_issues": true,
            "has_projects": null,
            "has_wiki": true,
            "homepage_url": null,
            "html_url": null,
            "http_clone_url": null,
            "id": "EugeneDevopsTerraform",
            "ignore_vulnerability_alerts_during_read": null,
            "is_template": null,
            "license_template": "mit",
            "merge_commit_message": "PR_TITLE",
            "merge_commit_title": "MERGE_MESSAGE",
            "name": "EugeneDevopsTerraform",
            "node_id": null,
            "pages": [],
            "primary_language": null,
            "private": null,
            "repo_id": null,
            "security_and_analysis": null,
            "squash_merge_commit_message": "COMMIT_MESSAGES",
            "squash_merge_commit_title": "COMMIT_OR_PR_TITLE",
            "ssh_clone_url": null,
            "svn_url": null,
            "template": [],
            "topics": [],
            "visibility": "public",
            "vulnerability_alerts": null
          },
          "sensitive_attributes": [],
          "private": "eyJzY2hlbWFfdmVyc2lvbiI6IjEifQ=="
        }
      ]
    }
  ],
  "check_results": null
}
