{
  "version": 4,
  "terraform_version": "1.6.3",
  "serial": 5,
  "lineage": "57b36a7b-1640-af08-0e46-c6e88669c62e",
  "outputs": {},
  "resources": [
    {
      "mode": "managed",
      "type": "github_repository",
      "name": "repo",
      "provider": "provider[\"registry.terraform.io/integrations/github\"]",
      "instances": [
        {
          "schema_version": 1,
          "attributes": {
            "allow_auto_merge": false,
            "allow_merge_commit": true,
            "allow_rebase_merge": true,
            "allow_squash_merge": true,
            "allow_update_branch": false,
            "archive_on_destroy": null,
            "archived": false,
            "auto_init": true,
            "default_branch": "main",
            "delete_branch_on_merge": false,
            "description": "My awesome codebase",
            "etag": "W/\"d78d89e7f75488a5025f25aa432a9289b91bf3a358623b54618ffddfdf5637bd\"",
            "full_name": "eukuz/EugeneDevopsTerraform",
            "git_clone_url": "git://github.com/eukuz/EugeneDevopsTerraform.git",
            "gitignore_template": "VisualStudio",
            "has_discussions": false,
            "has_downloads": false,
            "has_issues": true,
            "has_projects": false,
            "has_wiki": true,
            "homepage_url": "",
            "html_url": "https://github.com/eukuz/EugeneDevopsTerraform",
            "http_clone_url": "https://github.com/eukuz/EugeneDevopsTerraform.git",
            "id": "EugeneDevopsTerraform",
            "ignore_vulnerability_alerts_during_read": null,
            "is_template": false,
            "license_template": "mit",
            "merge_commit_message": "PR_TITLE",
            "merge_commit_title": "MERGE_MESSAGE",
            "name": "EugeneDevopsTerraform",
            "node_id": "R_kgDOKse-qQ",
            "pages": [],
            "primary_language": "",
            "private": false,
            "repo_id": 717733545,
            "security_and_analysis": [
              {
                "advanced_security": [],
                "secret_scanning": [
                  {
                    "status": "disabled"
                  }
                ],
                "secret_scanning_push_protection": [
                  {
                    "status": "disabled"
                  }
                ]
              }
            ],
            "squash_merge_commit_message": "COMMIT_MESSAGES",
            "squash_merge_commit_title": "COMMIT_OR_PR_TITLE",
            "ssh_clone_url": "git@github.com:eukuz/EugeneDevopsTerraform.git",
            "svn_url": "https://github.com/eukuz/EugeneDevopsTerraform",
            "template": [],
            "topics": [],
            "visibility": "public",
            "vulnerability_alerts": false
          },
          "sensitive_attributes": [],
          "private": "eyJzY2hlbWFfdmVyc2lvbiI6IjEifQ=="
        }
      ]
    }
  ],
  "check_results": null
}
