{
  "version": 4,
  "terraform_version": "1.5.7",
  "serial": 8,
  "lineage": "99bd2347-7e74-4f1b-aec9-df4e9b3cdc7b",
  "outputs": {},
  "resources": [
    {
      "mode": "managed",
      "type": "vkcs_networking_network",
      "name": "sfs",
      "provider": "provider[\"registry.terraform.io/vk-cs/vkcs\"]",
      "instances": [
        {
          "schema_version": 0,
          "attributes": {
            "admin_state_up": true,
            "all_tags": [],
            "description": "",
            "id": "1183312b-1126-4809-ad18-9bcac87cd2b4",
            "name": "network",
            "port_security_enabled": true,
            "private_dns_domain": "mcs.local.",
            "region": "RegionOne",
            "sdn": "neutron",
            "tags": null,
            "timeouts": null,
            "value_specs": null,
            "vkcs_services_access": false
          },
          "sensitive_attributes": [],
          "private": "eyJlMmJmYjczMC1lY2FhLTExZTYtOGY4OC0zNDM2M2JjN2M0YzAiOnsiY3JlYXRlIjo2MDAwMDAwMDAwMDAsImRlbGV0ZSI6NjAwMDAwMDAwMDAwfX0="
        }
      ]
    },
    {
      "mode": "managed",
      "type": "vkcs_networking_subnet",
      "name": "sfs",
      "provider": "provider[\"registry.terraform.io/vk-cs/vkcs\"]",
      "instances": [
        {
          "schema_version": 0,
          "attributes": {
            "all_tags": [],
            "allocation_pool": [
              {
                "end": "192.168.199.254",
                "start": "192.168.199.2"
              }
            ],
            "cidr": "192.168.199.0/24",
            "description": "",
            "dns_nameservers": null,
            "enable_dhcp": true,
            "gateway_ip": "192.168.199.1",
            "id": "a77a050b-1247-4490-87a2-92b8e295cdaa",
            "name": "subnet",
            "network_id": "1183312b-1126-4809-ad18-9bcac87cd2b4",
            "no_gateway": false,
            "prefix_length": null,
            "region": "RegionOne",
            "sdn": "neutron",
            "subnetpool_id": "",
            "tags": null,
            "timeouts": null,
            "value_specs": null
          },
          "sensitive_attributes": [],
          "private": "eyJlMmJmYjczMC1lY2FhLTExZTYtOGY4OC0zNDM2M2JjN2M0YzAiOnsiY3JlYXRlIjo2MDAwMDAwMDAwMDAsImRlbGV0ZSI6NjAwMDAwMDAwMDAwfX0=",
          "dependencies": [
            "vkcs_networking_network.sfs"
          ]
        }
      ]
    },
    {
      "mode": "managed",
      "type": "vkcs_sharedfilesystem_share",
      "name": "share",
      "provider": "provider[\"registry.terraform.io/vk-cs/vkcs\"]",
      "instances": [
        {
          "schema_version": 0,
          "attributes": {
            "all_metadata": {},
            "availability_zone": "GZ1",
            "description": "test share description",
            "export_location_path": "192.168.199.5:/shares/share-e2258885-f691-4804-b020-300aba951a09",
            "id": "9d388c8c-7597-4807-b1d4-dc83baf42a7b",
            "name": "nfs_share",
            "project_id": "f67d34fb24434924a4d606a2eb5e1f46",
            "region": "RegionOne",
            "share_network_id": "b9e805ee-2561-4da3-88a9-872f27063d1d",
            "share_proto": "NFS",
            "share_server_id": "",
            "share_type": "default_share_type",
            "size": 1,
            "snapshot_id": "",
            "timeouts": null
          },
          "sensitive_attributes": [],
          "private": "eyJlMmJmYjczMC1lY2FhLTExZTYtOGY4OC0zNDM2M2JjN2M0YzAiOnsiY3JlYXRlIjo2MDAwMDAwMDAwMDAsImRlbGV0ZSI6NjAwMDAwMDAwMDAwLCJ1cGRhdGUiOjYwMDAwMDAwMDAwMH19",
          "dependencies": [
            "vkcs_networking_network.sfs",
            "vkcs_networking_subnet.sfs",
            "vkcs_sharedfilesystem_sharenetwork.sharenetwork"
          ]
        }
      ]
    },
    {
      "mode": "managed",
      "type": "vkcs_sharedfilesystem_share_access",
      "name": "share_access_1",
      "provider": "provider[\"registry.terraform.io/vk-cs/vkcs\"]",
      "instances": [
        {
          "schema_version": 0,
          "attributes": {
            "access_level": "rw",
            "access_to": "192.168.199.10",
            "access_type": "ip",
            "id": "42edd896-7f12-4b57-b37f-c34b590decd5",
            "region": "RegionOne",
            "share_id": "9d388c8c-7597-4807-b1d4-dc83baf42a7b",
            "timeouts": null
          },
          "sensitive_attributes": [],
          "private": "eyJlMmJmYjczMC1lY2FhLTExZTYtOGY4OC0zNDM2M2JjN2M0YzAiOnsiY3JlYXRlIjo2MDAwMDAwMDAwMDAsImRlbGV0ZSI6NjAwMDAwMDAwMDAwLCJ1cGRhdGUiOjYwMDAwMDAwMDAwMH19",
          "dependencies": [
            "vkcs_networking_network.sfs",
            "vkcs_networking_subnet.sfs",
            "vkcs_sharedfilesystem_share.share",
            "vkcs_sharedfilesystem_sharenetwork.sharenetwork"
          ]
        }
      ]
    },
    {
      "mode": "managed",
      "type": "vkcs_sharedfilesystem_share_access",
      "name": "share_access_2",
      "provider": "provider[\"registry.terraform.io/vk-cs/vkcs\"]",
      "instances": [
        {
          "schema_version": 0,
          "attributes": {
            "access_level": "rw",
            "access_to": "192.168.199.11",
            "access_type": "ip",
            "id": "0e091818-c70b-4daf-aa86-d0b3916f74c8",
            "region": "RegionOne",
            "share_id": "9d388c8c-7597-4807-b1d4-dc83baf42a7b",
            "timeouts": null
          },
          "sensitive_attributes": [],
          "private": "eyJlMmJmYjczMC1lY2FhLTExZTYtOGY4OC0zNDM2M2JjN2M0YzAiOnsiY3JlYXRlIjo2MDAwMDAwMDAwMDAsImRlbGV0ZSI6NjAwMDAwMDAwMDAwLCJ1cGRhdGUiOjYwMDAwMDAwMDAwMH19",
          "dependencies": [
            "vkcs_networking_network.sfs",
            "vkcs_networking_subnet.sfs",
            "vkcs_sharedfilesystem_share.share",
            "vkcs_sharedfilesystem_sharenetwork.sharenetwork"
          ]
        }
      ]
    },
    {
      "mode": "managed",
      "type": "vkcs_sharedfilesystem_sharenetwork",
      "name": "sharenetwork",
      "provider": "provider[\"registry.terraform.io/vk-cs/vkcs\"]",
      "instances": [
        {
          "schema_version": 0,
          "attributes": {
            "cidr": "",
            "description": "",
            "id": "b9e805ee-2561-4da3-88a9-872f27063d1d",
            "name": "test_sharenetwork",
            "neutron_net_id": "1183312b-1126-4809-ad18-9bcac87cd2b4",
            "neutron_subnet_id": "a77a050b-1247-4490-87a2-92b8e295cdaa",
            "project_id": "f67d34fb24434924a4d606a2eb5e1f46",
            "region": "RegionOne",
            "security_service_ids": null,
            "timeouts": null
          },
          "sensitive_attributes": [],
          "private": "eyJlMmJmYjczMC1lY2FhLTExZTYtOGY4OC0zNDM2M2JjN2M0YzAiOnsiY3JlYXRlIjo2MDAwMDAwMDAwMDAsImRlbGV0ZSI6NjAwMDAwMDAwMDAwLCJ1cGRhdGUiOjYwMDAwMDAwMDAwMH19",
          "dependencies": [
            "vkcs_networking_network.sfs",
            "vkcs_networking_subnet.sfs"
          ]
        }
      ]
    }
  ],
  "check_results": null
}
