{
  "version": 4,
  "terraform_version": "1.5.7",
  "serial": 8,
  "lineage": "932e8aaa-24a9-3e6e-2633-dfff2dc6675b",
  "outputs": {},
  "resources": [
    {
      "mode": "managed",
      "type": "vkcs_networking_network",
      "name": "sfs",
      "provider": "provider[\"registry.terraform.io/vk-cs/vkcs\"]",
      "instances": [
        {
          "schema_version": 0,
          "attributes": {
            "admin_state_up": true,
            "all_tags": [],
            "description": "",
            "id": "f3fc195f-77e2-4c3e-b558-5e143c322d40",
            "name": "network",
            "port_security_enabled": true,
            "private_dns_domain": "mcs.local.",
            "region": "RegionOne",
            "sdn": "neutron",
            "tags": null,
            "timeouts": null,
            "value_specs": null,
            "vkcs_services_access": false
          },
          "sensitive_attributes": [],
          "private": "eyJlMmJmYjczMC1lY2FhLTExZTYtOGY4OC0zNDM2M2JjN2M0YzAiOnsiY3JlYXRlIjo2MDAwMDAwMDAwMDAsImRlbGV0ZSI6NjAwMDAwMDAwMDAwfX0="
        }
      ]
    },
    {
      "mode": "managed",
      "type": "vkcs_networking_subnet",
      "name": "sfs",
      "provider": "provider[\"registry.terraform.io/vk-cs/vkcs\"]",
      "instances": [
        {
          "schema_version": 0,
          "attributes": {
            "all_tags": [],
            "allocation_pool": [
              {
                "end": "192.168.199.254",
                "start": "192.168.199.2"
              }
            ],
            "cidr": "192.168.199.0/24",
            "description": "",
            "dns_nameservers": null,
            "enable_dhcp": true,
            "gateway_ip": "192.168.199.1",
            "id": "26989b8a-e5ba-466a-8173-ef37e99cc872",
            "name": "subnet",
            "network_id": "f3fc195f-77e2-4c3e-b558-5e143c322d40",
            "no_gateway": false,
            "prefix_length": null,
            "region": "RegionOne",
            "sdn": "neutron",
            "subnetpool_id": "",
            "tags": null,
            "timeouts": null,
            "value_specs": null
          },
          "sensitive_attributes": [],
          "private": "eyJlMmJmYjczMC1lY2FhLTExZTYtOGY4OC0zNDM2M2JjN2M0YzAiOnsiY3JlYXRlIjo2MDAwMDAwMDAwMDAsImRlbGV0ZSI6NjAwMDAwMDAwMDAwfX0=",
          "dependencies": [
            "vkcs_networking_network.sfs"
          ]
        }
      ]
    },
    {
      "mode": "managed",
      "type": "vkcs_sharedfilesystem_share",
      "name": "share",
      "provider": "provider[\"registry.terraform.io/vk-cs/vkcs\"]",
      "instances": [
        {
          "schema_version": 0,
          "attributes": {
            "all_metadata": {},
            "availability_zone": "GZ1",
            "description": "test share description",
            "export_location_path": "192.168.199.14:/shares/share-185bbc78-0ad0-46de-a036-48ecb8eb0e9a",
            "id": "a659b29e-fa29-4797-8f33-6c2fa92f30ed",
            "name": "nfs_share",
            "project_id": "72277e66c77e48119575839dcc4d5808",
            "region": "RegionOne",
            "share_network_id": "b604f769-57eb-47ee-bd21-2a88797c6047",
            "share_proto": "NFS",
            "share_server_id": "",
            "share_type": "default_share_type",
            "size": 1,
            "snapshot_id": "",
            "timeouts": null
          },
          "sensitive_attributes": [],
          "private": "eyJlMmJmYjczMC1lY2FhLTExZTYtOGY4OC0zNDM2M2JjN2M0YzAiOnsiY3JlYXRlIjo2MDAwMDAwMDAwMDAsImRlbGV0ZSI6NjAwMDAwMDAwMDAwLCJ1cGRhdGUiOjYwMDAwMDAwMDAwMH19",
          "dependencies": [
            "vkcs_networking_network.sfs",
            "vkcs_networking_subnet.sfs",
            "vkcs_sharedfilesystem_sharenetwork.sharenetwork"
          ]
        }
      ]
    },
    {
      "mode": "managed",
      "type": "vkcs_sharedfilesystem_share_access",
      "name": "share_access_1",
      "provider": "provider[\"registry.terraform.io/vk-cs/vkcs\"]",
      "instances": [
        {
          "schema_version": 0,
          "attributes": {
            "access_level": "rw",
            "access_to": "192.168.199.10",
            "access_type": "ip",
            "id": "4e75d96c-ad2e-4539-bd35-0e508d6984a3",
            "region": "RegionOne",
            "share_id": "a659b29e-fa29-4797-8f33-6c2fa92f30ed",
            "timeouts": null
          },
          "sensitive_attributes": [],
          "private": "eyJlMmJmYjczMC1lY2FhLTExZTYtOGY4OC0zNDM2M2JjN2M0YzAiOnsiY3JlYXRlIjo2MDAwMDAwMDAwMDAsImRlbGV0ZSI6NjAwMDAwMDAwMDAwLCJ1cGRhdGUiOjYwMDAwMDAwMDAwMH19",
          "dependencies": [
            "vkcs_networking_network.sfs",
            "vkcs_networking_subnet.sfs",
            "vkcs_sharedfilesystem_share.share",
            "vkcs_sharedfilesystem_sharenetwork.sharenetwork"
          ]
        }
      ]
    },
    {
      "mode": "managed",
      "type": "vkcs_sharedfilesystem_share_access",
      "name": "share_access_2",
      "provider": "provider[\"registry.terraform.io/vk-cs/vkcs\"]",
      "instances": [
        {
          "schema_version": 0,
          "attributes": {
            "access_level": "rw",
            "access_to": "192.168.199.11",
            "access_type": "ip",
            "id": "9b271ed4-19f5-40f1-b967-cc1ff501b1fb",
            "region": "RegionOne",
            "share_id": "a659b29e-fa29-4797-8f33-6c2fa92f30ed",
            "timeouts": null
          },
          "sensitive_attributes": [],
          "private": "eyJlMmJmYjczMC1lY2FhLTExZTYtOGY4OC0zNDM2M2JjN2M0YzAiOnsiY3JlYXRlIjo2MDAwMDAwMDAwMDAsImRlbGV0ZSI6NjAwMDAwMDAwMDAwLCJ1cGRhdGUiOjYwMDAwMDAwMDAwMH19",
          "dependencies": [
            "vkcs_networking_network.sfs",
            "vkcs_networking_subnet.sfs",
            "vkcs_sharedfilesystem_share.share",
            "vkcs_sharedfilesystem_sharenetwork.sharenetwork"
          ]
        }
      ]
    },
    {
      "mode": "managed",
      "type": "vkcs_sharedfilesystem_sharenetwork",
      "name": "sharenetwork",
      "provider": "provider[\"registry.terraform.io/vk-cs/vkcs\"]",
      "instances": [
        {
          "schema_version": 0,
          "attributes": {
            "cidr": "",
            "description": "",
            "id": "b604f769-57eb-47ee-bd21-2a88797c6047",
            "name": "test_sharenetwork",
            "neutron_net_id": "f3fc195f-77e2-4c3e-b558-5e143c322d40",
            "neutron_subnet_id": "26989b8a-e5ba-466a-8173-ef37e99cc872",
            "project_id": "72277e66c77e48119575839dcc4d5808",
            "region": "RegionOne",
            "security_service_ids": null,
            "timeouts": null
          },
          "sensitive_attributes": [],
          "private": "eyJlMmJmYjczMC1lY2FhLTExZTYtOGY4OC0zNDM2M2JjN2M0YzAiOnsiY3JlYXRlIjo2MDAwMDAwMDAwMDAsImRlbGV0ZSI6NjAwMDAwMDAwMDAwLCJ1cGRhdGUiOjYwMDAwMDAwMDAwMH19",
          "dependencies": [
            "vkcs_networking_network.sfs",
            "vkcs_networking_subnet.sfs"
          ]
        }
      ]
    }
  ],
  "check_results": null
}
